
Microsoft Visual Studio Solution File, Format Version 12.00
# Visual Studio Version 17
VisualStudioVersion = 17.8.34316.72
MinimumVisualStudioVersion = 10.0.40219.1
Project("{FAE04EC0-301F-11D3-BF4B-00C04F79EFBC}") = "End-to-endTestovi", "End-to-endTestovi.csproj", "{A9432249-36FD-4D61-83ED-269CF6FABD4B}"
EndProject
Global
	GlobalSection(SolutionConfigurationPlatforms) = preSolution
		Debug|Any CPU = Debug|Any CPU
		Release|Any CPU = Release|Any CPU
	EndGlobalSection
	GlobalSection(ProjectConfigurationPlatforms) = postSolution
		{A9432249-36FD-4D61-83ED-269CF6FABD4B}.Debug|Any CPU.ActiveCfg = Debug|Any CPU
		{A9432249-36FD-4D61-83ED-269CF6FABD4B}.Debug|Any CPU.Build.0 = Debug|Any CPU
		{A9432249-36FD-4D61-83ED-269CF6FABD4B}.Release|Any CPU.ActiveCfg = Release|Any CPU
		{A9432249-36FD-4D61-83ED-269CF6FABD4B}.Release|Any CPU.Build.0 = Release|Any CPU
	EndGlobalSection
	GlobalSection(SolutionProperties) = preSolution
		HideSolutionNode = FALSE
	EndGlobalSection
	GlobalSection(ExtensibilityGlobals) = postSolution
		SolutionGuid = {CFF978A0-9ED5-460D-A6C4-083545D459CB}
	EndGlobalSection
EndGlobal
